
Microsoft Visual Studio Solution File, Format Version 12.00
# Visual Studio 2012
Project("{FAE04EC0-301F-11D3-BF4B-00C04F79EFBC}") = "Monitor_OverView.Web", "Monitor_OverView.Web\Monitor_OverView.Web.csproj", "{D84C63BE-0C9C-4E82-B6E9-9E83611E1107}"
EndProject
Project("{FAE04EC0-301F-11D3-BF4B-00C04F79EFBC}") = "Monitor_OverView.Service", "Monitor_OverView.Service\Monitor_OverView.Service.csproj", "{ADC88586-2969-4286-8390-87C00D05BC8D}"
EndProject
Project("{FAE04EC0-301F-11D3-BF4B-00C04F79EFBC}") = "Monitor_OverView.Infrastructure", "Monitor_OverView.Infrastructure\Monitor_OverView.Infrastructure.csproj", "{0497E198-35D0-4613-AB96-6364E5A00172}"
EndProject
Global
	GlobalSection(SolutionConfigurationPlatforms) = preSolution
		Debug|Any CPU = Debug|Any CPU
		Release|Any CPU = Release|Any CPU
	EndGlobalSection
	GlobalSection(ProjectConfigurationPlatforms) = postSolution
		{D84C63BE-0C9C-4E82-B6E9-9E83611E1107}.Debug|Any CPU.ActiveCfg = Debug|Any CPU
		{D84C63BE-0C9C-4E82-B6E9-9E83611E1107}.Debug|Any CPU.Build.0 = Debug|Any CPU
		{D84C63BE-0C9C-4E82-B6E9-9E83611E1107}.Release|Any CPU.ActiveCfg = Release|Any CPU
		{D84C63BE-0C9C-4E82-B6E9-9E83611E1107}.Release|Any CPU.Build.0 = Release|Any CPU
		{ADC88586-2969-4286-8390-87C00D05BC8D}.Debug|Any CPU.ActiveCfg = Debug|Any CPU
		{ADC88586-2969-4286-8390-87C00D05BC8D}.Debug|Any CPU.Build.0 = Debug|Any CPU
		{ADC88586-2969-4286-8390-87C00D05BC8D}.Release|Any CPU.ActiveCfg = Release|Any CPU
		{ADC88586-2969-4286-8390-87C00D05BC8D}.Release|Any CPU.Build.0 = Release|Any CPU
		{0497E198-35D0-4613-AB96-6364E5A00172}.Debug|Any CPU.ActiveCfg = Debug|Any CPU
		{0497E198-35D0-4613-AB96-6364E5A00172}.Debug|Any CPU.Build.0 = Debug|Any CPU
		{0497E198-35D0-4613-AB96-6364E5A00172}.Release|Any CPU.ActiveCfg = Release|Any CPU
		{0497E198-35D0-4613-AB96-6364E5A00172}.Release|Any CPU.Build.0 = Release|Any CPU
	EndGlobalSection
	GlobalSection(SolutionProperties) = preSolution
		HideSolutionNode = FALSE
	EndGlobalSection
EndGlobal
